
Microsoft Visual Studio Solution File, Format Version 12.00
# Visual Studio 14
VisualStudioVersion = 14.0.25420.1
MinimumVisualStudioVersion = 10.0.40219.1
Project("{FAE04EC0-301F-11D3-BF4B-00C04F79EFBC}") = "BusterWood.Caching", "BusterWood.Caching\BusterWood.Caching.csproj", "{A39B0461-DBA8-47A3-BEEE-B74A22D5EA03}"
EndProject
Project("{FAE04EC0-301F-11D3-BF4B-00C04F79EFBC}") = "UnitTests", "UnitTests\UnitTests.csproj", "{191BF155-3041-4281-8547-6CA0BD02ECB8}"
EndProject
Project("{FAE04EC0-301F-11D3-BF4B-00C04F79EFBC}") = "PerformanceTest", "PerformanceTest\PerformanceTest.csproj", "{1325EDA2-B316-4569-869F-C4B4BA5417A3}"
EndProject
Project("{2150E333-8FDC-42A3-9474-1A3956D46DE8}") = "Solution", "Solution", "{527626A2-7934-4426-954E-477D8A69E0D1}"
	ProjectSection(SolutionItems) = preProject
		README.md = README.md
	EndProjectSection
EndProject
Global
	GlobalSection(SolutionConfigurationPlatforms) = preSolution
		Debug|Any CPU = Debug|Any CPU
		Release|Any CPU = Release|Any CPU
	EndGlobalSection
	GlobalSection(ProjectConfigurationPlatforms) = postSolution
		{A39B0461-DBA8-47A3-BEEE-B74A22D5EA03}.Debug|Any CPU.ActiveCfg = Debug|Any CPU
		{A39B0461-DBA8-47A3-BEEE-B74A22D5EA03}.Debug|Any CPU.Build.0 = Debug|Any CPU
		{A39B0461-DBA8-47A3-BEEE-B74A22D5EA03}.Release|Any CPU.ActiveCfg = Release|Any CPU
		{A39B0461-DBA8-47A3-BEEE-B74A22D5EA03}.Release|Any CPU.Build.0 = Release|Any CPU
		{191BF155-3041-4281-8547-6CA0BD02ECB8}.Debug|Any CPU.ActiveCfg = Debug|Any CPU
		{191BF155-3041-4281-8547-6CA0BD02ECB8}.Debug|Any CPU.Build.0 = Debug|Any CPU
		{191BF155-3041-4281-8547-6CA0BD02ECB8}.Release|Any CPU.ActiveCfg = Release|Any CPU
		{191BF155-3041-4281-8547-6CA0BD02ECB8}.Release|Any CPU.Build.0 = Release|Any CPU
		{1325EDA2-B316-4569-869F-C4B4BA5417A3}.Debug|Any CPU.ActiveCfg = Debug|Any CPU
		{1325EDA2-B316-4569-869F-C4B4BA5417A3}.Debug|Any CPU.Build.0 = Debug|Any CPU
		{1325EDA2-B316-4569-869F-C4B4BA5417A3}.Release|Any CPU.ActiveCfg = Release|Any CPU
		{1325EDA2-B316-4569-869F-C4B4BA5417A3}.Release|Any CPU.Build.0 = Release|Any CPU
	EndGlobalSection
	GlobalSection(SolutionProperties) = preSolution
		HideSolutionNode = FALSE
	EndGlobalSection
EndGlobal
